// !$*UTF8*$!
{
	archiveVersion = 1;
	classes = {
	};
	objectVersion = 55;
	objects = {

/* Begin PBXBuildFile section */
		D1203ED727B663D700C5AEC7 /* AppDelegate.swift in Sources */ = {isa = PBXBuildFile; fileRef = D1203ED627B663D700C5AEC7 /* AppDelegate.swift */; };
		D1203ED927B663D700C5AEC7 /* SceneDelegate.swift in Sources */ = {isa = PBXBuildFile; fileRef = D1203ED827B663D700C5AEC7 /* SceneDelegate.swift */; };
		D1203EDB27B663D700C5AEC7 /* HomeViewController.swift in Sources */ = {isa = PBXBuildFile; fileRef = D1203EDA27B663D700C5AEC7 /* HomeViewController.swift */; };
		D1203EE027B663D900C5AEC7 /* Assets.xcassets in Resources */ = {isa = PBXBuildFile; fileRef = D1203EDF27B663D900C5AEC7 /* Assets.xcassets */; };
		D1203EE327B663D900C5AEC7 /* LaunchScreen.storyboard in Resources */ = {isa = PBXBuildFile; fileRef = D1203EE127B663D900C5AEC7 /* LaunchScreen.storyboard */; };
		D1203EEB27B6665D00C5AEC7 /* URLSession+.swift in Sources */ = {isa = PBXBuildFile; fileRef = D1203EEA27B6665D00C5AEC7 /* URLSession+.swift */; };
		D1203EED27B6671000C5AEC7 /* DetailViewController.swift in Sources */ = {isa = PBXBuildFile; fileRef = D1203EEC27B6671000C5AEC7 /* DetailViewController.swift */; };
		EC2052C32A4AD5CF0027C9A5 /* Swapi.swift in Sources */ = {isa = PBXBuildFile; fileRef = EC2052C22A4AD5CF0027C9A5 /* Swapi.swift */; };
		EC2052C52A4AD6B50027C9A5 /* DetailModel.swift in Sources */ = {isa = PBXBuildFile; fileRef = EC2052C42A4AD6B50027C9A5 /* DetailModel.swift */; };
		EC2052C72A4AD6CB0027C9A5 /* DetailModel+.swift in Sources */ = {isa = PBXBuildFile; fileRef = EC2052C62A4AD6CB0027C9A5 /* DetailModel+.swift */; };
		EC2052C92A4AD7590027C9A5 /* HomeModel+.swift in Sources */ = {isa = PBXBuildFile; fileRef = EC2052C82A4AD7590027C9A5 /* HomeModel+.swift */; };
		EC2052CB2A4AD7EB0027C9A5 /* SwapiResponse.swift in Sources */ = {isa = PBXBuildFile; fileRef = EC2052CA2A4AD7EB0027C9A5 /* SwapiResponse.swift */; };
		EC2052D02A4AD9170027C9A5 /* Navigator.swift in Sources */ = {isa = PBXBuildFile; fileRef = EC2052CF2A4AD9170027C9A5 /* Navigator.swift */; };
		EC2052D22A4ADA2A0027C9A5 /* ViewController.swift in Sources */ = {isa = PBXBuildFile; fileRef = EC2052D12A4ADA2A0027C9A5 /* ViewController.swift */; };
		EC2052D72A4ADB3F0027C9A5 /* HomeTableViewCell+.swift in Sources */ = {isa = PBXBuildFile; fileRef = EC2052D52A4ADB3F0027C9A5 /* HomeTableViewCell+.swift */; };
		EC2052D82A4ADB3F0027C9A5 /* HomeTableViewCell.swift in Sources */ = {isa = PBXBuildFile; fileRef = EC2052D62A4ADB3F0027C9A5 /* HomeTableViewCell.swift */; };
		EC2052DB2A4ADC750027C9A5 /* UINavigationController+.swift in Sources */ = {isa = PBXBuildFile; fileRef = EC2052DA2A4ADC750027C9A5 /* UINavigationController+.swift */; };
		EC2052E02A4AE1D10027C9A5 /* DownloadTableViewCell+.swift in Sources */ = {isa = PBXBuildFile; fileRef = EC2052DE2A4AE1D10027C9A5 /* DownloadTableViewCell+.swift */; };
		EC2052E22A4AE2840027C9A5 /* DownloadTableViewCell.swift in Sources */ = {isa = PBXBuildFile; fileRef = EC2052E12A4AE2840027C9A5 /* DownloadTableViewCell.swift */; };
		ECF17DEC27BAA36000E22069 /* Data.swift in Sources */ = {isa = PBXBuildFile; fileRef = ECF17DEB27BAA36000E22069 /* Data.swift */; };
		ECF17DEE27BAFBA300E22069 /* HomeModel.swift in Sources */ = {isa = PBXBuildFile; fileRef = ECF17DED27BAFBA300E22069 /* HomeModel.swift */; };
		ECF17DF127BBC39100E22069 /* CollectionConcurrencyKit in Frameworks */ = {isa = PBXBuildFile; productRef = ECF17DF027BBC39100E22069 /* CollectionConcurrencyKit */; };
/* End PBXBuildFile section */

/* Begin PBXFileReference section */
		D1203ED327B663D700C5AEC7 /* SwapiAsyncAwait.app */ = {isa = PBXFileReference; explicitFileType = wrapper.application; includeInIndex = 0; path = SwapiAsyncAwait.app; sourceTree = BUILT_PRODUCTS_DIR; };
		D1203ED627B663D700C5AEC7 /* AppDelegate.swift */ = {isa = PBXFileReference; lastKnownFileType = sourcecode.swift; path = AppDelegate.swift; sourceTree = "<group>"; };
		D1203ED827B663D700C5AEC7 /* SceneDelegate.swift */ = {isa = PBXFileReference; lastKnownFileType = sourcecode.swift; path = SceneDelegate.swift; sourceTree = "<group>"; };
		D1203EDA27B663D700C5AEC7 /* HomeViewController.swift */ = {isa = PBXFileReference; lastKnownFileType = sourcecode.swift; path = HomeViewController.swift; sourceTree = "<group>"; };
		D1203EDF27B663D900C5AEC7 /* Assets.xcassets */ = {isa = PBXFileReference; lastKnownFileType = folder.assetcatalog; path = Assets.xcassets; sourceTree = "<group>"; };
		D1203EE227B663D900C5AEC7 /* Base */ = {isa = PBXFileReference; lastKnownFileType = file.storyboard; name = Base; path = Base.lproj/LaunchScreen.storyboard; sourceTree = "<group>"; };
		D1203EE427B663D900C5AEC7 /* Info.plist */ = {isa = PBXFileReference; lastKnownFileType = text.plist.xml; path = Info.plist; sourceTree = "<group>"; };
		D1203EEA27B6665D00C5AEC7 /* URLSession+.swift */ = {isa = PBXFileReference; lastKnownFileType = sourcecode.swift; path = "URLSession+.swift"; sourceTree = "<group>"; };
		D1203EEC27B6671000C5AEC7 /* DetailViewController.swift */ = {isa = PBXFileReference; lastKnownFileType = sourcecode.swift; path = DetailViewController.swift; sourceTree = "<group>"; };
		EC2052C22A4AD5CF0027C9A5 /* Swapi.swift */ = {isa = PBXFileReference; lastKnownFileType = sourcecode.swift; path = Swapi.swift; sourceTree = "<group>"; };
		EC2052C42A4AD6B50027C9A5 /* DetailModel.swift */ = {isa = PBXFileReference; lastKnownFileType = sourcecode.swift; path = DetailModel.swift; sourceTree = "<group>"; };
		EC2052C62A4AD6CB0027C9A5 /* DetailModel+.swift */ = {isa = PBXFileReference; lastKnownFileType = sourcecode.swift; path = "DetailModel+.swift"; sourceTree = "<group>"; };
		EC2052C82A4AD7590027C9A5 /* HomeModel+.swift */ = {isa = PBXFileReference; lastKnownFileType = sourcecode.swift; path = "HomeModel+.swift"; sourceTree = "<group>"; };
		EC2052CA2A4AD7EB0027C9A5 /* SwapiResponse.swift */ = {isa = PBXFileReference; lastKnownFileType = sourcecode.swift; path = SwapiResponse.swift; sourceTree = "<group>"; };
		EC2052CF2A4AD9170027C9A5 /* Navigator.swift */ = {isa = PBXFileReference; fileEncoding = 4; lastKnownFileType = sourcecode.swift; path = Navigator.swift; sourceTree = "<group>"; };
		EC2052D12A4ADA2A0027C9A5 /* ViewController.swift */ = {isa = PBXFileReference; fileEncoding = 4; lastKnownFileType = sourcecode.swift; path = ViewController.swift; sourceTree = "<group>"; };
		EC2052D52A4ADB3F0027C9A5 /* HomeTableViewCell+.swift */ = {isa = PBXFileReference; fileEncoding = 4; lastKnownFileType = sourcecode.swift; path = "HomeTableViewCell+.swift"; sourceTree = "<group>"; };
		EC2052D62A4ADB3F0027C9A5 /* HomeTableViewCell.swift */ = {isa = PBXFileReference; fileEncoding = 4; lastKnownFileType = sourcecode.swift; path = HomeTableViewCell.swift; sourceTree = "<group>"; };
		EC2052DA2A4ADC750027C9A5 /* UINavigationController+.swift */ = {isa = PBXFileReference; fileEncoding = 4; lastKnownFileType = sourcecode.swift; path = "UINavigationController+.swift"; sourceTree = "<group>"; };
		EC2052DE2A4AE1D10027C9A5 /* DownloadTableViewCell+.swift */ = {isa = PBXFileReference; fileEncoding = 4; lastKnownFileType = sourcecode.swift; path = "DownloadTableViewCell+.swift"; sourceTree = "<group>"; };
		EC2052E12A4AE2840027C9A5 /* DownloadTableViewCell.swift */ = {isa = PBXFileReference; lastKnownFileType = sourcecode.swift; path = DownloadTableViewCell.swift; sourceTree = "<group>"; };
		ECF17DEB27BAA36000E22069 /* Data.swift */ = {isa = PBXFileReference; lastKnownFileType = sourcecode.swift; path = Data.swift; sourceTree = "<group>"; };
		ECF17DED27BAFBA300E22069 /* HomeModel.swift */ = {isa = PBXFileReference; lastKnownFileType = sourcecode.swift; path = HomeModel.swift; sourceTree = "<group>"; };
/* End PBXFileReference section */

/* Begin PBXFrameworksBuildPhase section */
		D1203ED027B663D700C5AEC7 /* Frameworks */ = {
			isa = PBXFrameworksBuildPhase;
			buildActionMask = 2147483647;
			files = (
				ECF17DF127BBC39100E22069 /* CollectionConcurrencyKit in Frameworks */,
			);
			runOnlyForDeploymentPostprocessing = 0;
		};
/* End PBXFrameworksBuildPhase section */

/* Begin PBXGroup section */
		D1203ECA27B663D700C5AEC7 = {
			isa = PBXGroup;
			children = (
				D1203ED527B663D700C5AEC7 /* SwapiAsyncAwait */,
				D1203ED427B663D700C5AEC7 /* Products */,
			);
			sourceTree = "<group>";
		};
		D1203ED427B663D700C5AEC7 /* Products */ = {
			isa = PBXGroup;
			children = (
				D1203ED327B663D700C5AEC7 /* SwapiAsyncAwait.app */,
			);
			name = Products;
			sourceTree = "<group>";
		};
		D1203ED527B663D700C5AEC7 /* SwapiAsyncAwait */ = {
			isa = PBXGroup;
			children = (
				D1203EE427B663D900C5AEC7 /* Info.plist */,
				D1203ED627B663D700C5AEC7 /* AppDelegate.swift */,
				D1203ED827B663D700C5AEC7 /* SceneDelegate.swift */,
				EC2052CF2A4AD9170027C9A5 /* Navigator.swift */,
				EC2052CE2A4AD8520027C9A5 /* controller */,
				EC2052CD2A4AD83D0027C9A5 /* model */,
				EC2052D92A4ADB450027C9A5 /* cell */,
				EC2052CC2A4AD81D0027C9A5 /* API */,
				EC2052DC2A4ADC790027C9A5 /* Extension */,
				D1203EDF27B663D900C5AEC7 /* Assets.xcassets */,
				D1203EE127B663D900C5AEC7 /* LaunchScreen.storyboard */,
			);
			path = SwapiAsyncAwait;
			sourceTree = "<group>";
		};
		EC2052CC2A4AD81D0027C9A5 /* API */ = {
			isa = PBXGroup;
			children = (
				EC2052C22A4AD5CF0027C9A5 /* Swapi.swift */,
				EC2052CA2A4AD7EB0027C9A5 /* SwapiResponse.swift */,
				ECF17DEB27BAA36000E22069 /* Data.swift */,
				D1203EEA27B6665D00C5AEC7 /* URLSession+.swift */,
			);
			path = API;
			sourceTree = "<group>";
		};
		EC2052CD2A4AD83D0027C9A5 /* model */ = {
			isa = PBXGroup;
			children = (
				EC2052C42A4AD6B50027C9A5 /* DetailModel.swift */,
				EC2052C62A4AD6CB0027C9A5 /* DetailModel+.swift */,
				ECF17DED27BAFBA300E22069 /* HomeModel.swift */,
				EC2052C82A4AD7590027C9A5 /* HomeModel+.swift */,
			);
			path = model;
			sourceTree = "<group>";
		};
		EC2052CE2A4AD8520027C9A5 /* controller */ = {
			isa = PBXGroup;
			children = (
				EC2052D12A4ADA2A0027C9A5 /* ViewController.swift */,
				D1203EDA27B663D700C5AEC7 /* HomeViewController.swift */,
				D1203EEC27B6671000C5AEC7 /* DetailViewController.swift */,
			);
			path = controller;
			sourceTree = "<group>";
		};
		EC2052D92A4ADB450027C9A5 /* cell */ = {
			isa = PBXGroup;
			children = (
				EC2052D62A4ADB3F0027C9A5 /* HomeTableViewCell.swift */,
				EC2052D52A4ADB3F0027C9A5 /* HomeTableViewCell+.swift */,
				EC2052E12A4AE2840027C9A5 /* DownloadTableViewCell.swift */,
				EC2052DE2A4AE1D10027C9A5 /* DownloadTableViewCell+.swift */,
			);
			path = cell;
			sourceTree = "<group>";
		};
		EC2052DC2A4ADC790027C9A5 /* Extension */ = {
			isa = PBXGroup;
			children = (
				EC2052DA2A4ADC750027C9A5 /* UINavigationController+.swift */,
			);
			path = Extension;
			sourceTree = "<group>";
		};
/* End PBXGroup section */

/* Begin PBXNativeTarget section */
		D1203ED227B663D700C5AEC7 /* SwapiAsyncAwait */ = {
			isa = PBXNativeTarget;
			buildConfigurationList = D1203EE727B663D900C5AEC7 /* Build configuration list for PBXNativeTarget "SwapiAsyncAwait" */;
			buildPhases = (
				D1203ECF27B663D700C5AEC7 /* Sources */,
				D1203ED027B663D700C5AEC7 /* Frameworks */,
				D1203ED127B663D700C5AEC7 /* Resources */,
			);
			buildRules = (
			);
			dependencies = (
			);
			name = SwapiAsyncAwait;
			packageProductDependencies = (
				ECF17DF027BBC39100E22069 /* CollectionConcurrencyKit */,
			);
			productName = SwapiAsyncAwait;
			productReference = D1203ED327B663D700C5AEC7 /* SwapiAsyncAwait.app */;
			productType = "com.apple.product-type.application";
		};
/* End PBXNativeTarget section */

/* Begin PBXProject section */
		D1203ECB27B663D700C5AEC7 /* Project object */ = {
			isa = PBXProject;
			attributes = {
				BuildIndependentTargetsInParallel = 1;
				LastSwiftUpdateCheck = 1320;
				LastUpgradeCheck = 1320;
				TargetAttributes = {
					D1203ED227B663D700C5AEC7 = {
						CreatedOnToolsVersion = 13.2.1;
					};
				};
			};
			buildConfigurationList = D1203ECE27B663D700C5AEC7 /* Build configuration list for PBXProject "SwapiAsyncAwait" */;
			compatibilityVersion = "Xcode 13.0";
			developmentRegion = en;
			hasScannedForEncodings = 0;
			knownRegions = (
				en,
				Base,
			);
			mainGroup = D1203ECA27B663D700C5AEC7;
			packageReferences = (
				ECF17DEF27BBC39100E22069 /* XCRemoteSwiftPackageReference "CollectionConcurrencyKit" */,
			);
			productRefGroup = D1203ED427B663D700C5AEC7 /* Products */;
			projectDirPath = "";
			projectRoot = "";
			targets = (
				D1203ED227B663D700C5AEC7 /* SwapiAsyncAwait */,
			);
		};
/* End PBXProject section */

/* Begin PBXResourcesBuildPhase section */
		D1203ED127B663D700C5AEC7 /* Resources */ = {
			isa = PBXResourcesBuildPhase;
			buildActionMask = 2147483647;
			files = (
				D1203EE327B663D900C5AEC7 /* LaunchScreen.storyboard in Resources */,
				D1203EE027B663D900C5AEC7 /* Assets.xcassets in Resources */,
			);
			runOnlyForDeploymentPostprocessing = 0;
		};
/* End PBXResourcesBuildPhase section */

/* Begin PBXSourcesBuildPhase section */
		D1203ECF27B663D700C5AEC7 /* Sources */ = {
			isa = PBXSourcesBuildPhase;
			buildActionMask = 2147483647;
			files = (
				EC2052DB2A4ADC750027C9A5 /* UINavigationController+.swift in Sources */,
				D1203EDB27B663D700C5AEC7 /* HomeViewController.swift in Sources */,
				ECF17DEC27BAA36000E22069 /* Data.swift in Sources */,
				EC2052C72A4AD6CB0027C9A5 /* DetailModel+.swift in Sources */,
				EC2052D02A4AD9170027C9A5 /* Navigator.swift in Sources */,
				EC2052D82A4ADB3F0027C9A5 /* HomeTableViewCell.swift in Sources */,
				EC2052D22A4ADA2A0027C9A5 /* ViewController.swift in Sources */,
				EC2052C32A4AD5CF0027C9A5 /* Swapi.swift in Sources */,
				EC2052C52A4AD6B50027C9A5 /* DetailModel.swift in Sources */,
				D1203ED727B663D700C5AEC7 /* AppDelegate.swift in Sources */,
				EC2052E22A4AE2840027C9A5 /* DownloadTableViewCell.swift in Sources */,
				EC2052D72A4ADB3F0027C9A5 /* HomeTableViewCell+.swift in Sources */,
				ECF17DEE27BAFBA300E22069 /* HomeModel.swift in Sources */,
				EC2052C92A4AD7590027C9A5 /* HomeModel+.swift in Sources */,
				D1203EED27B6671000C5AEC7 /* DetailViewController.swift in Sources */,
				EC2052CB2A4AD7EB0027C9A5 /* SwapiResponse.swift in Sources */,
				D1203ED927B663D700C5AEC7 /* SceneDelegate.swift in Sources */,
				EC2052E02A4AE1D10027C9A5 /* DownloadTableViewCell+.swift in Sources */,
				D1203EEB27B6665D00C5AEC7 /* URLSession+.swift in Sources */,
			);
			runOnlyForDeploymentPostprocessing = 0;
		};
/* End PBXSourcesBuildPhase section */

/* Begin PBXVariantGroup section */
		D1203EE127B663D900C5AEC7 /* LaunchScreen.storyboard */ = {
			isa = PBXVariantGroup;
			children = (
				D1203EE227B663D900C5AEC7 /* Base */,
			);
			name = LaunchScreen.storyboard;
			sourceTree = "<group>";
		};
/* End PBXVariantGroup section */

/* Begin XCBuildConfiguration section */
		D1203EE527B663D900C5AEC7 /* Debug */ = {
			isa = XCBuildConfiguration;
			buildSettings = {
				ALWAYS_SEARCH_USER_PATHS = NO;
				CLANG_ANALYZER_NONNULL = YES;
				CLANG_ANALYZER_NUMBER_OBJECT_CONVERSION = YES_AGGRESSIVE;
				CLANG_CXX_LANGUAGE_STANDARD = "gnu++17";
				CLANG_CXX_LIBRARY = "libc++";
				CLANG_ENABLE_MODULES = YES;
				CLANG_ENABLE_OBJC_ARC = YES;
				CLANG_ENABLE_OBJC_WEAK = YES;
				CLANG_WARN_BLOCK_CAPTURE_AUTORELEASING = YES;
				CLANG_WARN_BOOL_CONVERSION = YES;
				CLANG_WARN_COMMA = YES;
				CLANG_WARN_CONSTANT_CONVERSION = YES;
				CLANG_WARN_DEPRECATED_OBJC_IMPLEMENTATIONS = YES;
				CLANG_WARN_DIRECT_OBJC_ISA_USAGE = YES_ERROR;
				CLANG_WARN_DOCUMENTATION_COMMENTS = YES;
				CLANG_WARN_EMPTY_BODY = YES;
				CLANG_WARN_ENUM_CONVERSION = YES;
				CLANG_WARN_INFINITE_RECURSION = YES;
				CLANG_WARN_INT_CONVERSION = YES;
				CLANG_WARN_NON_LITERAL_NULL_CONVERSION = YES;
				CLANG_WARN_OBJC_IMPLICIT_RETAIN_SELF = YES;
				CLANG_WARN_OBJC_LITERAL_CONVERSION = YES;
				CLANG_WARN_OBJC_ROOT_CLASS = YES_ERROR;
				CLANG_WARN_QUOTED_INCLUDE_IN_FRAMEWORK_HEADER = YES;
				CLANG_WARN_RANGE_LOOP_ANALYSIS = YES;
				CLANG_WARN_STRICT_PROTOTYPES = YES;
				CLANG_WARN_SUSPICIOUS_MOVE = YES;
				CLANG_WARN_UNGUARDED_AVAILABILITY = YES_AGGRESSIVE;
				CLANG_WARN_UNREACHABLE_CODE = YES;
				CLANG_WARN__DUPLICATE_METHOD_MATCH = YES;
				COPY_PHASE_STRIP = NO;
				DEBUG_INFORMATION_FORMAT = dwarf;
				ENABLE_STRICT_OBJC_MSGSEND = YES;
				ENABLE_TESTABILITY = YES;
				GCC_C_LANGUAGE_STANDARD = gnu11;
				GCC_DYNAMIC_NO_PIC = NO;
				GCC_NO_COMMON_BLOCKS = YES;
				GCC_OPTIMIZATION_LEVEL = 0;
				GCC_PREPROCESSOR_DEFINITIONS = (
					"DEBUG=1",
					"$(inherited)",
				);
				GCC_WARN_64_TO_32_BIT_CONVERSION = YES;
				GCC_WARN_ABOUT_RETURN_TYPE = YES_ERROR;
				GCC_WARN_UNDECLARED_SELECTOR = YES;
				GCC_WARN_UNINITIALIZED_AUTOS = YES_AGGRESSIVE;
				GCC_WARN_UNUSED_FUNCTION = YES;
				GCC_WARN_UNUSED_VARIABLE = YES;
				IPHONEOS_DEPLOYMENT_TARGET = 15.2;
				MTL_ENABLE_DEBUG_INFO = INCLUDE_SOURCE;
				MTL_FAST_MATH = YES;
				ONLY_ACTIVE_ARCH = YES;
				SDKROOT = iphoneos;
				SWIFT_ACTIVE_COMPILATION_CONDITIONS = DEBUG;
				SWIFT_OPTIMIZATION_LEVEL = "-Onone";
			};
			name = Debug;
		};
		D1203EE627B663D900C5AEC7 /* Release */ = {
			isa = XCBuildConfiguration;
			buildSettings = {
				ALWAYS_SEARCH_USER_PATHS = NO;
				CLANG_ANALYZER_NONNULL = YES;
				CLANG_ANALYZER_NUMBER_OBJECT_CONVERSION = YES_AGGRESSIVE;
				CLANG_CXX_LANGUAGE_STANDARD = "gnu++17";
				CLANG_CXX_LIBRARY = "libc++";
				CLANG_ENABLE_MODULES = YES;
				CLANG_ENABLE_OBJC_ARC = YES;
				CLANG_ENABLE_OBJC_WEAK = YES;
				CLANG_WARN_BLOCK_CAPTURE_AUTORELEASING = YES;
				CLANG_WARN_BOOL_CONVERSION = YES;
				CLANG_WARN_COMMA = YES;
				CLANG_WARN_CONSTANT_CONVERSION = YES;
				CLANG_WARN_DEPRECATED_OBJC_IMPLEMENTATIONS = YES;
				CLANG_WARN_DIRECT_OBJC_ISA_USAGE = YES_ERROR;
				CLANG_WARN_DOCUMENTATION_COMMENTS = YES;
				CLANG_WARN_EMPTY_BODY = YES;
				CLANG_WARN_ENUM_CONVERSION = YES;
				CLANG_WARN_INFINITE_RECURSION = YES;
				CLANG_WARN_INT_CONVERSION = YES;
				CLANG_WARN_NON_LITERAL_NULL_CONVERSION = YES;
				CLANG_WARN_OBJC_IMPLICIT_RETAIN_SELF = YES;
				CLANG_WARN_OBJC_LITERAL_CONVERSION = YES;
				CLANG_WARN_OBJC_ROOT_CLASS = YES_ERROR;
				CLANG_WARN_QUOTED_INCLUDE_IN_FRAMEWORK_HEADER = YES;
				CLANG_WARN_RANGE_LOOP_ANALYSIS = YES;
				CLANG_WARN_STRICT_PROTOTYPES = YES;
				CLANG_WARN_SUSPICIOUS_MOVE = YES;
				CLANG_WARN_UNGUARDED_AVAILABILITY = YES_AGGRESSIVE;
				CLANG_WARN_UNREACHABLE_CODE = YES;
				CLANG_WARN__DUPLICATE_METHOD_MATCH = YES;
				COPY_PHASE_STRIP = NO;
				DEBUG_INFORMATION_FORMAT = "dwarf-with-dsym";
				ENABLE_NS_ASSERTIONS = NO;
				ENABLE_STRICT_OBJC_MSGSEND = YES;
				GCC_C_LANGUAGE_STANDARD = gnu11;
				GCC_NO_COMMON_BLOCKS = YES;
				GCC_WARN_64_TO_32_BIT_CONVERSION = YES;
				GCC_WARN_ABOUT_RETURN_TYPE = YES_ERROR;
				GCC_WARN_UNDECLARED_SELECTOR = YES;
				GCC_WARN_UNINITIALIZED_AUTOS = YES_AGGRESSIVE;
				GCC_WARN_UNUSED_FUNCTION = YES;
				GCC_WARN_UNUSED_VARIABLE = YES;
				IPHONEOS_DEPLOYMENT_TARGET = 15.2;
				MTL_ENABLE_DEBUG_INFO = NO;
				MTL_FAST_MATH = YES;
				SDKROOT = iphoneos;
				SWIFT_COMPILATION_MODE = wholemodule;
				SWIFT_OPTIMIZATION_LEVEL = "-O";
				VALIDATE_PRODUCT = YES;
			};
			name = Release;
		};
		D1203EE827B663D900C5AEC7 /* Debug */ = {
			isa = XCBuildConfiguration;
			buildSettings = {
				ASSETCATALOG_COMPILER_APPICON_NAME = AppIcon;
				ASSETCATALOG_COMPILER_GLOBAL_ACCENT_COLOR_NAME = AccentColor;
				CODE_SIGN_STYLE = Automatic;
				CURRENT_PROJECT_VERSION = 1;
				DEVELOPMENT_TEAM = 8823C85H4V;
				GENERATE_INFOPLIST_FILE = YES;
				INFOPLIST_FILE = SwapiAsyncAwait/Info.plist;
				INFOPLIST_KEY_UIApplicationSupportsIndirectInputEvents = YES;
				INFOPLIST_KEY_UILaunchStoryboardName = LaunchScreen;
				INFOPLIST_KEY_UISupportedInterfaceOrientations_iPad = "UIInterfaceOrientationPortrait UIInterfaceOrientationPortraitUpsideDown UIInterfaceOrientationLandscapeLeft UIInterfaceOrientationLandscapeRight";
				INFOPLIST_KEY_UISupportedInterfaceOrientations_iPhone = "UIInterfaceOrientationPortrait UIInterfaceOrientationLandscapeLeft UIInterfaceOrientationLandscapeRight";
				LD_RUNPATH_SEARCH_PATHS = (
					"$(inherited)",
					"@executable_path/Frameworks",
				);
				MARKETING_VERSION = 1.0;
				PRODUCT_BUNDLE_IDENTIFIER = Sky.SwapiAsyncAwait;
				PRODUCT_NAME = "$(TARGET_NAME)";
				SWIFT_EMIT_LOC_STRINGS = YES;
				SWIFT_VERSION = 5.0;
				TARGETED_DEVICE_FAMILY = "1,2";
			};
			name = Debug;
		};
		D1203EE927B663D900C5AEC7 /* Release */ = {
			isa = XCBuildConfiguration;
			buildSettings = {
				ASSETCATALOG_COMPILER_APPICON_NAME = AppIcon;
				ASSETCATALOG_COMPILER_GLOBAL_ACCENT_COLOR_NAME = AccentColor;
				CODE_SIGN_STYLE = Automatic;
				CURRENT_PROJECT_VERSION = 1;
				DEVELOPMENT_TEAM = 8823C85H4V;
				GENERATE_INFOPLIST_FILE = YES;
				INFOPLIST_FILE = SwapiAsyncAwait/Info.plist;
				INFOPLIST_KEY_UIApplicationSupportsIndirectInputEvents = YES;
				INFOPLIST_KEY_UILaunchStoryboardName = LaunchScreen;
				INFOPLIST_KEY_UISupportedInterfaceOrientations_iPad = "UIInterfaceOrientationPortrait UIInterfaceOrientationPortraitUpsideDown UIInterfaceOrientationLandscapeLeft UIInterfaceOrientationLandscapeRight";
				INFOPLIST_KEY_UISupportedInterfaceOrientations_iPhone = "UIInterfaceOrientationPortrait UIInterfaceOrientationLandscapeLeft UIInterfaceOrientationLandscapeRight";
				LD_RUNPATH_SEARCH_PATHS = (
					"$(inherited)",
					"@executable_path/Frameworks",
				);
				MARKETING_VERSION = 1.0;
				PRODUCT_BUNDLE_IDENTIFIER = Sky.SwapiAsyncAwait;
				PRODUCT_NAME = "$(TARGET_NAME)";
				SWIFT_EMIT_LOC_STRINGS = YES;
				SWIFT_VERSION = 5.0;
				TARGETED_DEVICE_FAMILY = "1,2";
			};
			name = Release;
		};
/* End XCBuildConfiguration section */

/* Begin XCConfigurationList section */
		D1203ECE27B663D700C5AEC7 /* Build configuration list for PBXProject "SwapiAsyncAwait" */ = {
			isa = XCConfigurationList;
			buildConfigurations = (
				D1203EE527B663D900C5AEC7 /* Debug */,
				D1203EE627B663D900C5AEC7 /* Release */,
			);
			defaultConfigurationIsVisible = 0;
			defaultConfigurationName = Release;
		};
		D1203EE727B663D900C5AEC7 /* Build configuration list for PBXNativeTarget "SwapiAsyncAwait" */ = {
			isa = XCConfigurationList;
			buildConfigurations = (
				D1203EE827B663D900C5AEC7 /* Debug */,
				D1203EE927B663D900C5AEC7 /* Release */,
			);
			defaultConfigurationIsVisible = 0;
			defaultConfigurationName = Release;
		};
/* End XCConfigurationList section */

/* Begin XCRemoteSwiftPackageReference section */
		ECF17DEF27BBC39100E22069 /* XCRemoteSwiftPackageReference "CollectionConcurrencyKit" */ = {
			isa = XCRemoteSwiftPackageReference;
			repositoryURL = "https://github.com/JohnSundell/CollectionConcurrencyKit.git";
			requirement = {
				kind = upToNextMajorVersion;
				minimumVersion = 0.2.0;
			};
		};
/* End XCRemoteSwiftPackageReference section */

/* Begin XCSwiftPackageProductDependency section */
		ECF17DF027BBC39100E22069 /* CollectionConcurrencyKit */ = {
			isa = XCSwiftPackageProductDependency;
			package = ECF17DEF27BBC39100E22069 /* XCRemoteSwiftPackageReference "CollectionConcurrencyKit" */;
			productName = CollectionConcurrencyKit;
		};
/* End XCSwiftPackageProductDependency section */
	};
	rootObject = D1203ECB27B663D700C5AEC7 /* Project object */;
}
